
Microsoft Visual Studio Solution File, Format Version 12.00
# Visual Studio 15
VisualStudioVersion = 15.0.27428.2037
MinimumVisualStudioVersion = 10.0.40219.1
Project("{FAE04EC0-301F-11D3-BF4B-00C04F79EFBC}") = "CosmosDBStudio", "CosmosDBStudio\CosmosDBStudio.csproj", "{0561A3C8-1B05-41E2-9484-812C02F64F88}"
EndProject
Global
	GlobalSection(SolutionConfigurationPlatforms) = preSolution
		Debug|Any CPU = Debug|Any CPU
		Release|Any CPU = Release|Any CPU
	EndGlobalSection
	GlobalSection(ProjectConfigurationPlatforms) = postSolution
		{0561A3C8-1B05-41E2-9484-812C02F64F88}.Debug|Any CPU.ActiveCfg = Debug|Any CPU
		{0561A3C8-1B05-41E2-9484-812C02F64F88}.Debug|Any CPU.Build.0 = Debug|Any CPU
		{0561A3C8-1B05-41E2-9484-812C02F64F88}.Release|Any CPU.ActiveCfg = Release|Any CPU
		{0561A3C8-1B05-41E2-9484-812C02F64F88}.Release|Any CPU.Build.0 = Release|Any CPU
	EndGlobalSection
	GlobalSection(SolutionProperties) = preSolution
		HideSolutionNode = FALSE
	EndGlobalSection
	GlobalSection(ExtensibilityGlobals) = postSolution
		SolutionGuid = {089D6C54-DDCD-42B0-A1DB-B93590D04D21}
	EndGlobalSection
EndGlobal
